
Microsoft Visual Studio Solution File, Format Version 12.00
# Visual Studio Version 16
VisualStudioVersion = 16.0.30225.117
MinimumVisualStudioVersion = 10.0.40219.1
Project("{FAE04EC0-301F-11D3-BF4B-00C04F79EFBC}") = "ByteBank", "ByteBank.csproj", "{AF323F6C-DF99-4857-93F2-7DB557A958AB}"
EndProject
Global
	GlobalSection(SolutionConfigurationPlatforms) = preSolution
		Debug|Any CPU = Debug|Any CPU
		Release|Any CPU = Release|Any CPU
	EndGlobalSection
	GlobalSection(ProjectConfigurationPlatforms) = postSolution
		{AF323F6C-DF99-4857-93F2-7DB557A958AB}.Debug|Any CPU.ActiveCfg = Debug|Any CPU
		{AF323F6C-DF99-4857-93F2-7DB557A958AB}.Debug|Any CPU.Build.0 = Debug|Any CPU
		{AF323F6C-DF99-4857-93F2-7DB557A958AB}.Release|Any CPU.ActiveCfg = Release|Any CPU
		{AF323F6C-DF99-4857-93F2-7DB557A958AB}.Release|Any CPU.Build.0 = Release|Any CPU
	EndGlobalSection
	GlobalSection(SolutionProperties) = preSolution
		HideSolutionNode = FALSE
	EndGlobalSection
	GlobalSection(ExtensibilityGlobals) = postSolution
		SolutionGuid = {9182641E-A13C-435C-A95C-97044F266023}
	EndGlobalSection
EndGlobal
